
Microsoft Visual Studio Solution File, Format Version 12.00
# Visual Studio Version 16
VisualStudioVersion = 16.0.30225.117
MinimumVisualStudioVersion = 10.0.40219.1
Project("{FAE04EC0-301F-11D3-BF4B-00C04F79EFBC}") = "TesteBTGApi", "TesteBTGApi\TesteBTGApi.csproj", "{3BA7FD4E-8868-4A2A-93BC-C6FA1B658C05}"
EndProject
Global
	GlobalSection(SolutionConfigurationPlatforms) = preSolution
		Debug|Any CPU = Debug|Any CPU
		Release|Any CPU = Release|Any CPU
	EndGlobalSection
	GlobalSection(ProjectConfigurationPlatforms) = postSolution
		{3BA7FD4E-8868-4A2A-93BC-C6FA1B658C05}.Debug|Any CPU.ActiveCfg = Debug|Any CPU
		{3BA7FD4E-8868-4A2A-93BC-C6FA1B658C05}.Debug|Any CPU.Build.0 = Debug|Any CPU
		{3BA7FD4E-8868-4A2A-93BC-C6FA1B658C05}.Release|Any CPU.ActiveCfg = Release|Any CPU
		{3BA7FD4E-8868-4A2A-93BC-C6FA1B658C05}.Release|Any CPU.Build.0 = Release|Any CPU
	EndGlobalSection
	GlobalSection(SolutionProperties) = preSolution
		HideSolutionNode = FALSE
	EndGlobalSection
	GlobalSection(ExtensibilityGlobals) = postSolution
		SolutionGuid = {9622C9A3-C0A5-4467-8671-A3D19365C22A}
	EndGlobalSection
EndGlobal
